
Microsoft Visual Studio Solution File, Format Version 12.00
# Visual Studio 2013
VisualStudioVersion = 12.0.30723.0
MinimumVisualStudioVersion = 10.0.40219.1
Project("{FAE04EC0-301F-11D3-BF4B-00C04F79EFBC}") = "API_Accord", "API_Accord\API_Accord.csproj", "{B5B206E6-3553-4876-B76A-2E886A914BFF}"
	ProjectSection(ProjectDependencies) = postProject
		{233F5E41-9939-4A43-9FD7-BD06D7650668} = {233F5E41-9939-4A43-9FD7-BD06D7650668}
		{46153597-B5FB-4032-8FD0-12484CF428D2} = {46153597-B5FB-4032-8FD0-12484CF428D2}
	EndProjectSection
EndProject
Project("{FAE04EC0-301F-11D3-BF4B-00C04F79EFBC}") = "API_GoldenData", "API_GoldenData\API_GoldenData.csproj", "{233F5E41-9939-4A43-9FD7-BD06D7650668}"
EndProject
Project("{FAE04EC0-301F-11D3-BF4B-00C04F79EFBC}") = "InterfaceForReflection", "InterfaceForReflection\InterfaceForReflection.csproj", "{46153597-B5FB-4032-8FD0-12484CF428D2}"
EndProject
Project("{FAE04EC0-301F-11D3-BF4B-00C04F79EFBC}") = "FieldClassifierToolkit", "ImageClassifierToolkit\FieldClassifierToolkit.csproj", "{3A913F2D-CFFA-40FB-8A77-B54EE2A4EB54}"
	ProjectSection(ProjectDependencies) = postProject
		{233F5E41-9939-4A43-9FD7-BD06D7650668} = {233F5E41-9939-4A43-9FD7-BD06D7650668}
		{46153597-B5FB-4032-8FD0-12484CF428D2} = {46153597-B5FB-4032-8FD0-12484CF428D2}
		{B5B206E6-3553-4876-B76A-2E886A914BFF} = {B5B206E6-3553-4876-B76A-2E886A914BFF}
		{D18087F0-5E1F-4818-A073-0435053120CF} = {D18087F0-5E1F-4818-A073-0435053120CF}
	EndProjectSection
EndProject
Project("{FAE04EC0-301F-11D3-BF4B-00C04F79EFBC}") = "FieldClassifyCommon", "TiS.ImageClassifier.Common\FieldClassifyCommon.csproj", "{D18087F0-5E1F-4818-A073-0435053120CF}"
EndProject
Project("{2150E333-8FDC-42A3-9474-1A3956D46DE8}") = "Solution Items", "Solution Items", "{59EFD32B-9A2A-439B-8798-5C54CDC099AB}"
	ProjectSection(SolutionItems) = preProject
		Performance1.psess = Performance1.psess
	EndProjectSection
EndProject
Project("{FAE04EC0-301F-11D3-BF4B-00C04F79EFBC}") = "TiS.Recognition.Common", "TiS.Recognition.Common\TiS.Recognition.Common.csproj", "{35127930-8A68-4F44-8FDB-A0C7F72628D7}"
EndProject
Project("{FAE04EC0-301F-11D3-BF4B-00C04F79EFBC}") = "TisCommon.Common", "TisCommon.Common\TisCommon.Common.csproj", "{DB78E0AF-93EE-4C4E-8074-07C1F9C759DA}"
EndProject
Project("{FAE04EC0-301F-11D3-BF4B-00C04F79EFBC}") = "TisLogger", "TisLogger\TisLogger.csproj", "{138182A8-71CA-451D-90E7-16ABAE229E32}"
EndProject
Project("{FAE04EC0-301F-11D3-BF4B-00C04F79EFBC}") = "FieldClassifyLibraryForService", "FieldClassifyLibraryForService\FieldClassifyLibraryForService.csproj", "{C3962B0B-8F1B-456A-A5C6-F83253B499DF}"
EndProject
Project("{FAE04EC0-301F-11D3-BF4B-00C04F79EFBC}") = "modulesForComm", "modulesForComm\modulesForComm.csproj", "{C8E98E76-FDBC-4630-81A5-0E562EE09208}"
EndProject
Global
	GlobalSection(SolutionConfigurationPlatforms) = preSolution
		Debug|Any CPU = Debug|Any CPU
		Debug|Mixed Platforms = Debug|Mixed Platforms
		Debug|x64 = Debug|x64
		Debug|x86 = Debug|x86
		Release 3.5|Any CPU = Release 3.5|Any CPU
		Release 3.5|Mixed Platforms = Release 3.5|Mixed Platforms
		Release 3.5|x64 = Release 3.5|x64
		Release 3.5|x86 = Release 3.5|x86
		Release|Any CPU = Release|Any CPU
		Release|Mixed Platforms = Release|Mixed Platforms
		Release|x64 = Release|x64
		Release|x86 = Release|x86
	EndGlobalSection
	GlobalSection(ProjectConfigurationPlatforms) = postSolution
		{B5B206E6-3553-4876-B76A-2E886A914BFF}.Debug|Any CPU.ActiveCfg = Debug|Any CPU
		{B5B206E6-3553-4876-B76A-2E886A914BFF}.Debug|Any CPU.Build.0 = Debug|Any CPU
		{B5B206E6-3553-4876-B76A-2E886A914BFF}.Debug|Mixed Platforms.ActiveCfg = Debug|Any CPU
		{B5B206E6-3553-4876-B76A-2E886A914BFF}.Debug|Mixed Platforms.Build.0 = Debug|Any CPU
		{B5B206E6-3553-4876-B76A-2E886A914BFF}.Debug|x64.ActiveCfg = Debug|Any CPU
		{B5B206E6-3553-4876-B76A-2E886A914BFF}.Debug|x64.Build.0 = Debug|Any CPU
		{B5B206E6-3553-4876-B76A-2E886A914BFF}.Debug|x86.ActiveCfg = Debug|Any CPU
		{B5B206E6-3553-4876-B76A-2E886A914BFF}.Release 3.5|Any CPU.ActiveCfg = Release|Any CPU
		{B5B206E6-3553-4876-B76A-2E886A914BFF}.Release 3.5|Any CPU.Build.0 = Release|Any CPU
		{B5B206E6-3553-4876-B76A-2E886A914BFF}.Release 3.5|Mixed Platforms.ActiveCfg = Release|Any CPU
		{B5B206E6-3553-4876-B76A-2E886A914BFF}.Release 3.5|Mixed Platforms.Build.0 = Release|Any CPU
		{B5B206E6-3553-4876-B76A-2E886A914BFF}.Release 3.5|x64.ActiveCfg = Release|Any CPU
		{B5B206E6-3553-4876-B76A-2E886A914BFF}.Release 3.5|x86.ActiveCfg = Release|Any CPU
		{B5B206E6-3553-4876-B76A-2E886A914BFF}.Release|Any CPU.ActiveCfg = Release|Any CPU
		{B5B206E6-3553-4876-B76A-2E886A914BFF}.Release|Any CPU.Build.0 = Release|Any CPU
		{B5B206E6-3553-4876-B76A-2E886A914BFF}.Release|Mixed Platforms.ActiveCfg = Release|Any CPU
		{B5B206E6-3553-4876-B76A-2E886A914BFF}.Release|Mixed Platforms.Build.0 = Release|Any CPU
		{B5B206E6-3553-4876-B76A-2E886A914BFF}.Release|x64.ActiveCfg = Release|Any CPU
		{B5B206E6-3553-4876-B76A-2E886A914BFF}.Release|x86.ActiveCfg = Release|Any CPU
		{233F5E41-9939-4A43-9FD7-BD06D7650668}.Debug|Any CPU.ActiveCfg = Debug|Any CPU
		{233F5E41-9939-4A43-9FD7-BD06D7650668}.Debug|Any CPU.Build.0 = Debug|Any CPU
		{233F5E41-9939-4A43-9FD7-BD06D7650668}.Debug|Mixed Platforms.ActiveCfg = Debug|Any CPU
		{233F5E41-9939-4A43-9FD7-BD06D7650668}.Debug|Mixed Platforms.Build.0 = Debug|Any CPU
		{233F5E41-9939-4A43-9FD7-BD06D7650668}.Debug|x64.ActiveCfg = Debug|Any CPU
		{233F5E41-9939-4A43-9FD7-BD06D7650668}.Debug|x64.Build.0 = Debug|Any CPU
		{233F5E41-9939-4A43-9FD7-BD06D7650668}.Debug|x86.ActiveCfg = Debug|Any CPU
		{233F5E41-9939-4A43-9FD7-BD06D7650668}.Release 3.5|Any CPU.ActiveCfg = Release|Any CPU
		{233F5E41-9939-4A43-9FD7-BD06D7650668}.Release 3.5|Any CPU.Build.0 = Release|Any CPU
		{233F5E41-9939-4A43-9FD7-BD06D7650668}.Release 3.5|Mixed Platforms.ActiveCfg = Release|Any CPU
		{233F5E41-9939-4A43-9FD7-BD06D7650668}.Release 3.5|Mixed Platforms.Build.0 = Release|Any CPU
		{233F5E41-9939-4A43-9FD7-BD06D7650668}.Release 3.5|x64.ActiveCfg = Release|Any CPU
		{233F5E41-9939-4A43-9FD7-BD06D7650668}.Release 3.5|x86.ActiveCfg = Release|Any CPU
		{233F5E41-9939-4A43-9FD7-BD06D7650668}.Release|Any CPU.ActiveCfg = Release|Any CPU
		{233F5E41-9939-4A43-9FD7-BD06D7650668}.Release|Any CPU.Build.0 = Release|Any CPU
		{233F5E41-9939-4A43-9FD7-BD06D7650668}.Release|Mixed Platforms.ActiveCfg = Release|Any CPU
		{233F5E41-9939-4A43-9FD7-BD06D7650668}.Release|Mixed Platforms.Build.0 = Release|Any CPU
		{233F5E41-9939-4A43-9FD7-BD06D7650668}.Release|x64.ActiveCfg = Release|Any CPU
		{233F5E41-9939-4A43-9FD7-BD06D7650668}.Release|x86.ActiveCfg = Release|Any CPU
		{46153597-B5FB-4032-8FD0-12484CF428D2}.Debug|Any CPU.ActiveCfg = Debug|Any CPU
		{46153597-B5FB-4032-8FD0-12484CF428D2}.Debug|Any CPU.Build.0 = Debug|Any CPU
		{46153597-B5FB-4032-8FD0-12484CF428D2}.Debug|Mixed Platforms.ActiveCfg = Debug|Any CPU
		{46153597-B5FB-4032-8FD0-12484CF428D2}.Debug|Mixed Platforms.Build.0 = Debug|Any CPU
		{46153597-B5FB-4032-8FD0-12484CF428D2}.Debug|x64.ActiveCfg = Debug|Any CPU
		{46153597-B5FB-4032-8FD0-12484CF428D2}.Debug|x64.Build.0 = Debug|Any CPU
		{46153597-B5FB-4032-8FD0-12484CF428D2}.Debug|x86.ActiveCfg = Debug|Any CPU
		{46153597-B5FB-4032-8FD0-12484CF428D2}.Release 3.5|Any CPU.ActiveCfg = Release|Any CPU
		{46153597-B5FB-4032-8FD0-12484CF428D2}.Release 3.5|Any CPU.Build.0 = Release|Any CPU
		{46153597-B5FB-4032-8FD0-12484CF428D2}.Release 3.5|Mixed Platforms.ActiveCfg = Release|Any CPU
		{46153597-B5FB-4032-8FD0-12484CF428D2}.Release 3.5|Mixed Platforms.Build.0 = Release|Any CPU
		{46153597-B5FB-4032-8FD0-12484CF428D2}.Release 3.5|x64.ActiveCfg = Release|Any CPU
		{46153597-B5FB-4032-8FD0-12484CF428D2}.Release 3.5|x86.ActiveCfg = Release|Any CPU
		{46153597-B5FB-4032-8FD0-12484CF428D2}.Release|Any CPU.ActiveCfg = Release|Any CPU
		{46153597-B5FB-4032-8FD0-12484CF428D2}.Release|Any CPU.Build.0 = Release|Any CPU
		{46153597-B5FB-4032-8FD0-12484CF428D2}.Release|Mixed Platforms.ActiveCfg = Release|Any CPU
		{46153597-B5FB-4032-8FD0-12484CF428D2}.Release|Mixed Platforms.Build.0 = Release|Any CPU
		{46153597-B5FB-4032-8FD0-12484CF428D2}.Release|x64.ActiveCfg = Release|Any CPU
		{46153597-B5FB-4032-8FD0-12484CF428D2}.Release|x86.ActiveCfg = Release|Any CPU
		{3A913F2D-CFFA-40FB-8A77-B54EE2A4EB54}.Debug|Any CPU.ActiveCfg = Debug|Any CPU
		{3A913F2D-CFFA-40FB-8A77-B54EE2A4EB54}.Debug|Any CPU.Build.0 = Debug|Any CPU
		{3A913F2D-CFFA-40FB-8A77-B54EE2A4EB54}.Debug|Mixed Platforms.ActiveCfg = Debug|Any CPU
		{3A913F2D-CFFA-40FB-8A77-B54EE2A4EB54}.Debug|Mixed Platforms.Build.0 = Debug|Any CPU
		{3A913F2D-CFFA-40FB-8A77-B54EE2A4EB54}.Debug|x64.ActiveCfg = Debug|Any CPU
		{3A913F2D-CFFA-40FB-8A77-B54EE2A4EB54}.Debug|x64.Build.0 = Debug|Any CPU
		{3A913F2D-CFFA-40FB-8A77-B54EE2A4EB54}.Debug|x86.ActiveCfg = Debug|x86
		{3A913F2D-CFFA-40FB-8A77-B54EE2A4EB54}.Debug|x86.Build.0 = Debug|x86
		{3A913F2D-CFFA-40FB-8A77-B54EE2A4EB54}.Release 3.5|Any CPU.ActiveCfg = Release|Any CPU
		{3A913F2D-CFFA-40FB-8A77-B54EE2A4EB54}.Release 3.5|Any CPU.Build.0 = Release|Any CPU
		{3A913F2D-CFFA-40FB-8A77-B54EE2A4EB54}.Release 3.5|Mixed Platforms.ActiveCfg = Release|x86
		{3A913F2D-CFFA-40FB-8A77-B54EE2A4EB54}.Release 3.5|Mixed Platforms.Build.0 = Release|x86
		{3A913F2D-CFFA-40FB-8A77-B54EE2A4EB54}.Release 3.5|x64.ActiveCfg = Release|Any CPU
		{3A913F2D-CFFA-40FB-8A77-B54EE2A4EB54}.Release 3.5|x86.ActiveCfg = Release|x86
		{3A913F2D-CFFA-40FB-8A77-B54EE2A4EB54}.Release 3.5|x86.Build.0 = Release|x86
		{3A913F2D-CFFA-40FB-8A77-B54EE2A4EB54}.Release|Any CPU.ActiveCfg = Release|Any CPU
		{3A913F2D-CFFA-40FB-8A77-B54EE2A4EB54}.Release|Any CPU.Build.0 = Release|Any CPU
		{3A913F2D-CFFA-40FB-8A77-B54EE2A4EB54}.Release|Mixed Platforms.ActiveCfg = Release|x86
		{3A913F2D-CFFA-40FB-8A77-B54EE2A4EB54}.Release|Mixed Platforms.Build.0 = Release|x86
		{3A913F2D-CFFA-40FB-8A77-B54EE2A4EB54}.Release|x64.ActiveCfg = Release|Any CPU
		{3A913F2D-CFFA-40FB-8A77-B54EE2A4EB54}.Release|x86.ActiveCfg = Release|x86
		{3A913F2D-CFFA-40FB-8A77-B54EE2A4EB54}.Release|x86.Build.0 = Release|x86
		{D18087F0-5E1F-4818-A073-0435053120CF}.Debug|Any CPU.ActiveCfg = Debug|Any CPU
		{D18087F0-5E1F-4818-A073-0435053120CF}.Debug|Any CPU.Build.0 = Debug|Any CPU
		{D18087F0-5E1F-4818-A073-0435053120CF}.Debug|Mixed Platforms.ActiveCfg = Debug|Any CPU
		{D18087F0-5E1F-4818-A073-0435053120CF}.Debug|Mixed Platforms.Build.0 = Debug|Any CPU
		{D18087F0-5E1F-4818-A073-0435053120CF}.Debug|x64.ActiveCfg = Debug|Any CPU
		{D18087F0-5E1F-4818-A073-0435053120CF}.Debug|x64.Build.0 = Debug|Any CPU
		{D18087F0-5E1F-4818-A073-0435053120CF}.Debug|x86.ActiveCfg = Debug|Any CPU
		{D18087F0-5E1F-4818-A073-0435053120CF}.Release 3.5|Any CPU.ActiveCfg = Release|Any CPU
		{D18087F0-5E1F-4818-A073-0435053120CF}.Release 3.5|Any CPU.Build.0 = Release|Any CPU
		{D18087F0-5E1F-4818-A073-0435053120CF}.Release 3.5|Mixed Platforms.ActiveCfg = Release|Any CPU
		{D18087F0-5E1F-4818-A073-0435053120CF}.Release 3.5|Mixed Platforms.Build.0 = Release|Any CPU
		{D18087F0-5E1F-4818-A073-0435053120CF}.Release 3.5|x64.ActiveCfg = Release|Any CPU
		{D18087F0-5E1F-4818-A073-0435053120CF}.Release 3.5|x86.ActiveCfg = Release|Any CPU
		{D18087F0-5E1F-4818-A073-0435053120CF}.Release|Any CPU.ActiveCfg = Release|Any CPU
		{D18087F0-5E1F-4818-A073-0435053120CF}.Release|Any CPU.Build.0 = Release|Any CPU
		{D18087F0-5E1F-4818-A073-0435053120CF}.Release|Mixed Platforms.ActiveCfg = Release|Any CPU
		{D18087F0-5E1F-4818-A073-0435053120CF}.Release|Mixed Platforms.Build.0 = Release|Any CPU
		{D18087F0-5E1F-4818-A073-0435053120CF}.Release|x64.ActiveCfg = Release|Any CPU
		{D18087F0-5E1F-4818-A073-0435053120CF}.Release|x86.ActiveCfg = Release|Any CPU
		{35127930-8A68-4F44-8FDB-A0C7F72628D7}.Debug|Any CPU.ActiveCfg = Debug|Any CPU
		{35127930-8A68-4F44-8FDB-A0C7F72628D7}.Debug|Any CPU.Build.0 = Debug|Any CPU
		{35127930-8A68-4F44-8FDB-A0C7F72628D7}.Debug|Mixed Platforms.ActiveCfg = Debug|Any CPU
		{35127930-8A68-4F44-8FDB-A0C7F72628D7}.Debug|Mixed Platforms.Build.0 = Debug|Any CPU
		{35127930-8A68-4F44-8FDB-A0C7F72628D7}.Debug|x64.ActiveCfg = Debug|Any CPU
		{35127930-8A68-4F44-8FDB-A0C7F72628D7}.Debug|x64.Build.0 = Debug|Any CPU
		{35127930-8A68-4F44-8FDB-A0C7F72628D7}.Debug|x86.ActiveCfg = Debug|Any CPU
		{35127930-8A68-4F44-8FDB-A0C7F72628D7}.Release 3.5|Any CPU.ActiveCfg = Release|Any CPU
		{35127930-8A68-4F44-8FDB-A0C7F72628D7}.Release 3.5|Any CPU.Build.0 = Release|Any CPU
		{35127930-8A68-4F44-8FDB-A0C7F72628D7}.Release 3.5|Mixed Platforms.ActiveCfg = Release|Any CPU
		{35127930-8A68-4F44-8FDB-A0C7F72628D7}.Release 3.5|Mixed Platforms.Build.0 = Release|Any CPU
		{35127930-8A68-4F44-8FDB-A0C7F72628D7}.Release 3.5|x64.ActiveCfg = Release|Any CPU
		{35127930-8A68-4F44-8FDB-A0C7F72628D7}.Release 3.5|x86.ActiveCfg = Release|Any CPU
		{35127930-8A68-4F44-8FDB-A0C7F72628D7}.Release|Any CPU.ActiveCfg = Release|Any CPU
		{35127930-8A68-4F44-8FDB-A0C7F72628D7}.Release|Any CPU.Build.0 = Release|Any CPU
		{35127930-8A68-4F44-8FDB-A0C7F72628D7}.Release|Mixed Platforms.ActiveCfg = Release|Any CPU
		{35127930-8A68-4F44-8FDB-A0C7F72628D7}.Release|Mixed Platforms.Build.0 = Release|Any CPU
		{35127930-8A68-4F44-8FDB-A0C7F72628D7}.Release|x64.ActiveCfg = Release|Any CPU
		{35127930-8A68-4F44-8FDB-A0C7F72628D7}.Release|x86.ActiveCfg = Release|Any CPU
		{DB78E0AF-93EE-4C4E-8074-07C1F9C759DA}.Debug|Any CPU.ActiveCfg = Debug|Any CPU
		{DB78E0AF-93EE-4C4E-8074-07C1F9C759DA}.Debug|Any CPU.Build.0 = Debug|Any CPU
		{DB78E0AF-93EE-4C4E-8074-07C1F9C759DA}.Debug|Mixed Platforms.ActiveCfg = Debug|Any CPU
		{DB78E0AF-93EE-4C4E-8074-07C1F9C759DA}.Debug|Mixed Platforms.Build.0 = Debug|Any CPU
		{DB78E0AF-93EE-4C4E-8074-07C1F9C759DA}.Debug|x64.ActiveCfg = Debug|x64
		{DB78E0AF-93EE-4C4E-8074-07C1F9C759DA}.Debug|x64.Build.0 = Debug|x64
		{DB78E0AF-93EE-4C4E-8074-07C1F9C759DA}.Debug|x86.ActiveCfg = Debug|Any CPU
		{DB78E0AF-93EE-4C4E-8074-07C1F9C759DA}.Release 3.5|Any CPU.ActiveCfg = Release|Any CPU
		{DB78E0AF-93EE-4C4E-8074-07C1F9C759DA}.Release 3.5|Any CPU.Build.0 = Release|Any CPU
		{DB78E0AF-93EE-4C4E-8074-07C1F9C759DA}.Release 3.5|Mixed Platforms.ActiveCfg = Release|Any CPU
		{DB78E0AF-93EE-4C4E-8074-07C1F9C759DA}.Release 3.5|Mixed Platforms.Build.0 = Release|Any CPU
		{DB78E0AF-93EE-4C4E-8074-07C1F9C759DA}.Release 3.5|x64.ActiveCfg = Release|x64
		{DB78E0AF-93EE-4C4E-8074-07C1F9C759DA}.Release 3.5|x64.Build.0 = Release|x64
		{DB78E0AF-93EE-4C4E-8074-07C1F9C759DA}.Release 3.5|x86.ActiveCfg = Release|Any CPU
		{DB78E0AF-93EE-4C4E-8074-07C1F9C759DA}.Release|Any CPU.ActiveCfg = Release|Any CPU
		{DB78E0AF-93EE-4C4E-8074-07C1F9C759DA}.Release|Any CPU.Build.0 = Release|Any CPU
		{DB78E0AF-93EE-4C4E-8074-07C1F9C759DA}.Release|Mixed Platforms.ActiveCfg = Release|Any CPU
		{DB78E0AF-93EE-4C4E-8074-07C1F9C759DA}.Release|Mixed Platforms.Build.0 = Release|Any CPU
		{DB78E0AF-93EE-4C4E-8074-07C1F9C759DA}.Release|x64.ActiveCfg = Release|x64
		{DB78E0AF-93EE-4C4E-8074-07C1F9C759DA}.Release|x64.Build.0 = Release|x64
		{DB78E0AF-93EE-4C4E-8074-07C1F9C759DA}.Release|x86.ActiveCfg = Release|Any CPU
		{138182A8-71CA-451D-90E7-16ABAE229E32}.Debug|Any CPU.ActiveCfg = Debug|Any CPU
		{138182A8-71CA-451D-90E7-16ABAE229E32}.Debug|Any CPU.Build.0 = Debug|Any CPU
		{138182A8-71CA-451D-90E7-16ABAE229E32}.Debug|Mixed Platforms.ActiveCfg = Debug|Any CPU
		{138182A8-71CA-451D-90E7-16ABAE229E32}.Debug|Mixed Platforms.Build.0 = Debug|Any CPU
		{138182A8-71CA-451D-90E7-16ABAE229E32}.Debug|x64.ActiveCfg = Debug|Any CPU
		{138182A8-71CA-451D-90E7-16ABAE229E32}.Debug|x64.Build.0 = Debug|Any CPU
		{138182A8-71CA-451D-90E7-16ABAE229E32}.Debug|x86.ActiveCfg = Debug|Any CPU
		{138182A8-71CA-451D-90E7-16ABAE229E32}.Release 3.5|Any CPU.ActiveCfg = Release|Any CPU
		{138182A8-71CA-451D-90E7-16ABAE229E32}.Release 3.5|Any CPU.Build.0 = Release|Any CPU
		{138182A8-71CA-451D-90E7-16ABAE229E32}.Release 3.5|Mixed Platforms.ActiveCfg = Release|Any CPU
		{138182A8-71CA-451D-90E7-16ABAE229E32}.Release 3.5|Mixed Platforms.Build.0 = Release|Any CPU
		{138182A8-71CA-451D-90E7-16ABAE229E32}.Release 3.5|x64.ActiveCfg = Release|Any CPU
		{138182A8-71CA-451D-90E7-16ABAE229E32}.Release 3.5|x86.ActiveCfg = Release|Any CPU
		{138182A8-71CA-451D-90E7-16ABAE229E32}.Release|Any CPU.ActiveCfg = Release|Any CPU
		{138182A8-71CA-451D-90E7-16ABAE229E32}.Release|Any CPU.Build.0 = Release|Any CPU
		{138182A8-71CA-451D-90E7-16ABAE229E32}.Release|Mixed Platforms.ActiveCfg = Release|Any CPU
		{138182A8-71CA-451D-90E7-16ABAE229E32}.Release|Mixed Platforms.Build.0 = Release|Any CPU
		{138182A8-71CA-451D-90E7-16ABAE229E32}.Release|x64.ActiveCfg = Release|Any CPU
		{138182A8-71CA-451D-90E7-16ABAE229E32}.Release|x86.ActiveCfg = Release|Any CPU
		{C3962B0B-8F1B-456A-A5C6-F83253B499DF}.Debug|Any CPU.ActiveCfg = Debug|Any CPU
		{C3962B0B-8F1B-456A-A5C6-F83253B499DF}.Debug|Any CPU.Build.0 = Debug|Any CPU
		{C3962B0B-8F1B-456A-A5C6-F83253B499DF}.Debug|Mixed Platforms.ActiveCfg = Debug|Any CPU
		{C3962B0B-8F1B-456A-A5C6-F83253B499DF}.Debug|Mixed Platforms.Build.0 = Debug|Any CPU
		{C3962B0B-8F1B-456A-A5C6-F83253B499DF}.Debug|x64.ActiveCfg = Debug|Any CPU
		{C3962B0B-8F1B-456A-A5C6-F83253B499DF}.Debug|x86.ActiveCfg = Debug|Any CPU
		{C3962B0B-8F1B-456A-A5C6-F83253B499DF}.Release 3.5|Any CPU.ActiveCfg = Release|Any CPU
		{C3962B0B-8F1B-456A-A5C6-F83253B499DF}.Release 3.5|Any CPU.Build.0 = Release|Any CPU
		{C3962B0B-8F1B-456A-A5C6-F83253B499DF}.Release 3.5|Mixed Platforms.ActiveCfg = Release|Any CPU
		{C3962B0B-8F1B-456A-A5C6-F83253B499DF}.Release 3.5|Mixed Platforms.Build.0 = Release|Any CPU
		{C3962B0B-8F1B-456A-A5C6-F83253B499DF}.Release 3.5|x64.ActiveCfg = Release|Any CPU
		{C3962B0B-8F1B-456A-A5C6-F83253B499DF}.Release 3.5|x86.ActiveCfg = Release|Any CPU
		{C3962B0B-8F1B-456A-A5C6-F83253B499DF}.Release|Any CPU.ActiveCfg = Release|Any CPU
		{C3962B0B-8F1B-456A-A5C6-F83253B499DF}.Release|Any CPU.Build.0 = Release|Any CPU
		{C3962B0B-8F1B-456A-A5C6-F83253B499DF}.Release|Mixed Platforms.ActiveCfg = Release|Any CPU
		{C3962B0B-8F1B-456A-A5C6-F83253B499DF}.Release|Mixed Platforms.Build.0 = Release|Any CPU
		{C3962B0B-8F1B-456A-A5C6-F83253B499DF}.Release|x64.ActiveCfg = Release|Any CPU
		{C3962B0B-8F1B-456A-A5C6-F83253B499DF}.Release|x86.ActiveCfg = Release|Any CPU
		{C8E98E76-FDBC-4630-81A5-0E562EE09208}.Debug|Any CPU.ActiveCfg = Debug|Any CPU
		{C8E98E76-FDBC-4630-81A5-0E562EE09208}.Debug|Any CPU.Build.0 = Debug|Any CPU
		{C8E98E76-FDBC-4630-81A5-0E562EE09208}.Debug|Mixed Platforms.ActiveCfg = Debug|Any CPU
		{C8E98E76-FDBC-4630-81A5-0E562EE09208}.Debug|Mixed Platforms.Build.0 = Debug|Any CPU
		{C8E98E76-FDBC-4630-81A5-0E562EE09208}.Debug|x64.ActiveCfg = Debug|Any CPU
		{C8E98E76-FDBC-4630-81A5-0E562EE09208}.Debug|x86.ActiveCfg = Debug|Any CPU
		{C8E98E76-FDBC-4630-81A5-0E562EE09208}.Release 3.5|Any CPU.ActiveCfg = Release|Any CPU
		{C8E98E76-FDBC-4630-81A5-0E562EE09208}.Release 3.5|Any CPU.Build.0 = Release|Any CPU
		{C8E98E76-FDBC-4630-81A5-0E562EE09208}.Release 3.5|Mixed Platforms.ActiveCfg = Release|Any CPU
		{C8E98E76-FDBC-4630-81A5-0E562EE09208}.Release 3.5|Mixed Platforms.Build.0 = Release|Any CPU
		{C8E98E76-FDBC-4630-81A5-0E562EE09208}.Release 3.5|x64.ActiveCfg = Release|Any CPU
		{C8E98E76-FDBC-4630-81A5-0E562EE09208}.Release 3.5|x86.ActiveCfg = Release|Any CPU
		{C8E98E76-FDBC-4630-81A5-0E562EE09208}.Release|Any CPU.ActiveCfg = Release|Any CPU
		{C8E98E76-FDBC-4630-81A5-0E562EE09208}.Release|Any CPU.Build.0 = Release|Any CPU
		{C8E98E76-FDBC-4630-81A5-0E562EE09208}.Release|Mixed Platforms.ActiveCfg = Release|Any CPU
		{C8E98E76-FDBC-4630-81A5-0E562EE09208}.Release|Mixed Platforms.Build.0 = Release|Any CPU
		{C8E98E76-FDBC-4630-81A5-0E562EE09208}.Release|x64.ActiveCfg = Release|Any CPU
		{C8E98E76-FDBC-4630-81A5-0E562EE09208}.Release|x86.ActiveCfg = Release|Any CPU
	EndGlobalSection
	GlobalSection(SolutionProperties) = preSolution
		HideSolutionNode = FALSE
	EndGlobalSection
EndGlobal
